
Microsoft Visual Studio Solution File, Format Version 12.00
# Visual Studio Version 16
VisualStudioVersion = 16.0.31321.278
MinimumVisualStudioVersion = 10.0.40219.1
Project("{FAE04EC0-301F-11D3-BF4B-00C04F79EFBC}") = "ApiCatologoJogos", "ApiCatologoJogos\ApiCatologoJogos.csproj", "{7AECE0D0-1057-41EC-95A9-5FE967049592}"
EndProject
Global
	GlobalSection(SolutionConfigurationPlatforms) = preSolution
		Debug|Any CPU = Debug|Any CPU
		Release|Any CPU = Release|Any CPU
	EndGlobalSection
	GlobalSection(ProjectConfigurationPlatforms) = postSolution
		{7AECE0D0-1057-41EC-95A9-5FE967049592}.Debug|Any CPU.ActiveCfg = Debug|Any CPU
		{7AECE0D0-1057-41EC-95A9-5FE967049592}.Debug|Any CPU.Build.0 = Debug|Any CPU
		{7AECE0D0-1057-41EC-95A9-5FE967049592}.Release|Any CPU.ActiveCfg = Release|Any CPU
		{7AECE0D0-1057-41EC-95A9-5FE967049592}.Release|Any CPU.Build.0 = Release|Any CPU
	EndGlobalSection
	GlobalSection(SolutionProperties) = preSolution
		HideSolutionNode = FALSE
	EndGlobalSection
	GlobalSection(ExtensibilityGlobals) = postSolution
		SolutionGuid = {02D94009-FBBE-462D-B03E-4C6326DBDD26}
	EndGlobalSection
EndGlobal
